// !$*UTF8*$!
{
	archiveVersion = 1;
	classes = {
	};
	objectVersion = 56;
	objects = {

/* Begin PBXBuildFile section */
		0516D5312BF25E8F001062D2 /* sayyterApp.swift in Sources */ = {isa = PBXBuildFile; fileRef = 0516D5302BF25E8F001062D2 /* sayyterApp.swift */; };
		0516D5352BF25E91001062D2 /* Assets.xcassets in Resources */ = {isa = PBXBuildFile; fileRef = 0516D5342BF25E91001062D2 /* Assets.xcassets */; };
		0516D5382BF25E91001062D2 /* Preview Assets.xcassets in Resources */ = {isa = PBXBuildFile; fileRef = 0516D5372BF25E91001062D2 /* Preview Assets.xcassets */; };
		0516D5482BF264A3001062D2 /* HomeView.swift in Sources */ = {isa = PBXBuildFile; fileRef = 0516D5472BF264A3001062D2 /* HomeView.swift */; };
		0516D5502BF269B8001062D2 /* BackgroundView.swift in Sources */ = {isa = PBXBuildFile; fileRef = 0516D54F2BF269B8001062D2 /* BackgroundView.swift */; };
		0516D5522BF26C44001062D2 /* IconButton.swift in Sources */ = {isa = PBXBuildFile; fileRef = 0516D5512BF26C44001062D2 /* IconButton.swift */; };
		0516D5552BF26FD0001062D2 /* SFSafeSymbols in Frameworks */ = {isa = PBXBuildFile; productRef = 0516D5542BF26FD0001062D2 /* SFSafeSymbols */; };
		0516D55E2BF28740001062D2 /* SpaceGrotesk-Regular.ttf in Resources */ = {isa = PBXBuildFile; fileRef = 0516D5592BF28740001062D2 /* SpaceGrotesk-Regular.ttf */; };
		0516D5602BF28740001062D2 /* SpaceGrotesk-SemiBold.ttf in Resources */ = {isa = PBXBuildFile; fileRef = 0516D55B2BF28740001062D2 /* SpaceGrotesk-SemiBold.ttf */; };
		0516D56C2BF2964F001062D2 /* MyFonts.swift in Sources */ = {isa = PBXBuildFile; fileRef = 0516D56B2BF2964F001062D2 /* MyFonts.swift */; };
		0516D56E2BF29971001062D2 /* IconTextButton.swift in Sources */ = {isa = PBXBuildFile; fileRef = 0516D56D2BF29971001062D2 /* IconTextButton.swift */; };
		0516D5702BF2A99E001062D2 /* CardComponent.swift in Sources */ = {isa = PBXBuildFile; fileRef = 0516D56F2BF2A99E001062D2 /* CardComponent.swift */; };
		0516D5732BF2BE70001062D2 /* HomeTransactionSection.swift in Sources */ = {isa = PBXBuildFile; fileRef = 0516D5722BF2BE70001062D2 /* HomeTransactionSection.swift */; };
		0516D5772BF2BE8E001062D2 /* HomeHeaderSection.swift in Sources */ = {isa = PBXBuildFile; fileRef = 0516D5762BF2BE8E001062D2 /* HomeHeaderSection.swift */; };
		0516D5792BF2BEA6001062D2 /* HomeCardActionsSection.swift in Sources */ = {isa = PBXBuildFile; fileRef = 0516D5782BF2BEA6001062D2 /* HomeCardActionsSection.swift */; };
		0516D57B2BF2BEF3001062D2 /* HomeCardCarouselSection.swift in Sources */ = {isa = PBXBuildFile; fileRef = 0516D57A2BF2BEF3001062D2 /* HomeCardCarouselSection.swift */; };
		0516D57D2BF2BFEE001062D2 /* HomeCardsHeaderSection.swift in Sources */ = {isa = PBXBuildFile; fileRef = 0516D57C2BF2BFEE001062D2 /* HomeCardsHeaderSection.swift */; };
		0516D57F2BF2C067001062D2 /* TransactionTile.swift in Sources */ = {isa = PBXBuildFile; fileRef = 0516D57E2BF2C067001062D2 /* TransactionTile.swift */; };
		0516D5812BF2C1D5001062D2 /* HomeTransactionHeaderSection.swift in Sources */ = {isa = PBXBuildFile; fileRef = 0516D5802BF2C1D5001062D2 /* HomeTransactionHeaderSection.swift */; };
		0516D5842BF2C2B2001062D2 /* Transaction.swift in Sources */ = {isa = PBXBuildFile; fileRef = 0516D5832BF2C2B2001062D2 /* Transaction.swift */; };
		0516D5862BF2C2F3001062D2 /* Card.swift in Sources */ = {isa = PBXBuildFile; fileRef = 0516D5852BF2C2F3001062D2 /* Card.swift */; };
		0516D5882BF2C42A001062D2 /* Currency.swift in Sources */ = {isa = PBXBuildFile; fileRef = 0516D5872BF2C42A001062D2 /* Currency.swift */; };
		0516D58A2BF2CE64001062D2 /* GradientBlurView.swift in Sources */ = {isa = PBXBuildFile; fileRef = 0516D5892BF2CE64001062D2 /* GradientBlurView.swift */; };
/* End PBXBuildFile section */

/* Begin PBXFileReference section */
		0516D52D2BF25E8F001062D2 /* sayyter.app */ = {isa = PBXFileReference; explicitFileType = wrapper.application; includeInIndex = 0; path = sayyter.app; sourceTree = BUILT_PRODUCTS_DIR; };
		0516D5302BF25E8F001062D2 /* sayyterApp.swift */ = {isa = PBXFileReference; lastKnownFileType = sourcecode.swift; path = sayyterApp.swift; sourceTree = "<group>"; };
		0516D5342BF25E91001062D2 /* Assets.xcassets */ = {isa = PBXFileReference; lastKnownFileType = folder.assetcatalog; path = Assets.xcassets; sourceTree = "<group>"; };
		0516D5372BF25E91001062D2 /* Preview Assets.xcassets */ = {isa = PBXFileReference; lastKnownFileType = folder.assetcatalog; path = "Preview Assets.xcassets"; sourceTree = "<group>"; };
		0516D5472BF264A3001062D2 /* HomeView.swift */ = {isa = PBXFileReference; lastKnownFileType = sourcecode.swift; name = HomeView.swift; path = sayyter/Views/Home/HomeView.swift; sourceTree = SOURCE_ROOT; };
		0516D54F2BF269B8001062D2 /* BackgroundView.swift */ = {isa = PBXFileReference; lastKnownFileType = sourcecode.swift; name = BackgroundView.swift; path = Sayyter/Components/BackgroundView.swift; sourceTree = SOURCE_ROOT; };
		0516D5512BF26C44001062D2 /* IconButton.swift */ = {isa = PBXFileReference; lastKnownFileType = sourcecode.swift; name = IconButton.swift; path = Sayyter/Components/IconButton.swift; sourceTree = SOURCE_ROOT; };
		0516D5592BF28740001062D2 /* SpaceGrotesk-Regular.ttf */ = {isa = PBXFileReference; lastKnownFileType = file; path = "SpaceGrotesk-Regular.ttf"; sourceTree = "<group>"; };
		0516D55B2BF28740001062D2 /* SpaceGrotesk-SemiBold.ttf */ = {isa = PBXFileReference; lastKnownFileType = file; path = "SpaceGrotesk-SemiBold.ttf"; sourceTree = "<group>"; };
		0516D5612BF28789001062D2 /* Info.plist */ = {isa = PBXFileReference; lastKnownFileType = text.plist; path = Info.plist; sourceTree = "<group>"; };
		0516D56B2BF2964F001062D2 /* MyFonts.swift */ = {isa = PBXFileReference; lastKnownFileType = sourcecode.swift; name = MyFonts.swift; path = Sayyter/Fonts/MyFonts.swift; sourceTree = SOURCE_ROOT; };
		0516D56D2BF29971001062D2 /* IconTextButton.swift */ = {isa = PBXFileReference; lastKnownFileType = sourcecode.swift; name = IconTextButton.swift; path = Sayyter/Components/IconTextButton.swift; sourceTree = SOURCE_ROOT; };
		0516D56F2BF2A99E001062D2 /* CardComponent.swift */ = {isa = PBXFileReference; lastKnownFileType = sourcecode.swift; name = CardComponent.swift; path = Sayyter/Components/CardComponent.swift; sourceTree = SOURCE_ROOT; };
		0516D5722BF2BE70001062D2 /* HomeTransactionSection.swift */ = {isa = PBXFileReference; lastKnownFileType = sourcecode.swift; name = HomeTransactionSection.swift; path = Sayyter/Views/Home/HomeTransactionSection.swift; sourceTree = SOURCE_ROOT; };
		0516D5762BF2BE8E001062D2 /* HomeHeaderSection.swift */ = {isa = PBXFileReference; lastKnownFileType = sourcecode.swift; name = HomeHeaderSection.swift; path = Sayyter/Views/Home/HomeHeaderSection.swift; sourceTree = SOURCE_ROOT; };
		0516D5782BF2BEA6001062D2 /* HomeCardActionsSection.swift */ = {isa = PBXFileReference; lastKnownFileType = sourcecode.swift; name = HomeCardActionsSection.swift; path = Sayyter/Views/Home/HomeCardActionsSection.swift; sourceTree = SOURCE_ROOT; };
		0516D57A2BF2BEF3001062D2 /* HomeCardCarouselSection.swift */ = {isa = PBXFileReference; lastKnownFileType = sourcecode.swift; name = HomeCardCarouselSection.swift; path = Sayyter/Views/Home/HomeCardCarouselSection.swift; sourceTree = SOURCE_ROOT; };
		0516D57C2BF2BFEE001062D2 /* HomeCardsHeaderSection.swift */ = {isa = PBXFileReference; lastKnownFileType = sourcecode.swift; name = HomeCardsHeaderSection.swift; path = Sayyter/Views/Home/HomeCardsHeaderSection.swift; sourceTree = SOURCE_ROOT; };
		0516D57E2BF2C067001062D2 /* TransactionTile.swift */ = {isa = PBXFileReference; lastKnownFileType = sourcecode.swift; name = TransactionTile.swift; path = Sayyter/Components/TransactionTile.swift; sourceTree = SOURCE_ROOT; };
		0516D5802BF2C1D5001062D2 /* HomeTransactionHeaderSection.swift */ = {isa = PBXFileReference; lastKnownFileType = sourcecode.swift; name = HomeTransactionHeaderSection.swift; path = Sayyter/Views/Home/HomeTransactionHeaderSection.swift; sourceTree = SOURCE_ROOT; };
		0516D5832BF2C2B2001062D2 /* Transaction.swift */ = {isa = PBXFileReference; lastKnownFileType = sourcecode.swift; name = Transaction.swift; path = Sayyter/Models/Transaction.swift; sourceTree = SOURCE_ROOT; };
		0516D5852BF2C2F3001062D2 /* Card.swift */ = {isa = PBXFileReference; lastKnownFileType = sourcecode.swift; name = Card.swift; path = Sayyter/Models/Card.swift; sourceTree = SOURCE_ROOT; };
		0516D5872BF2C42A001062D2 /* Currency.swift */ = {isa = PBXFileReference; lastKnownFileType = sourcecode.swift; name = Currency.swift; path = Sayyter/Models/Currency.swift; sourceTree = SOURCE_ROOT; };
		0516D5892BF2CE64001062D2 /* GradientBlurView.swift */ = {isa = PBXFileReference; lastKnownFileType = sourcecode.swift; name = GradientBlurView.swift; path = Sayyter/Components/GradientBlurView.swift; sourceTree = SOURCE_ROOT; };
/* End PBXFileReference section */

/* Begin PBXFrameworksBuildPhase section */
		0516D52A2BF25E8F001062D2 /* Frameworks */ = {
			isa = PBXFrameworksBuildPhase;
			buildActionMask = 2147483647;
			files = (
				0516D5552BF26FD0001062D2 /* SFSafeSymbols in Frameworks */,
			);
			runOnlyForDeploymentPostprocessing = 0;
		};
/* End PBXFrameworksBuildPhase section */

/* Begin PBXGroup section */
		0516D5242BF25E8F001062D2 = {
			isa = PBXGroup;
			children = (
				0516D52F2BF25E8F001062D2 /* sayyter */,
				0516D52E2BF25E8F001062D2 /* Products */,
			);
			sourceTree = "<group>";
		};
		0516D52E2BF25E8F001062D2 /* Products */ = {
			isa = PBXGroup;
			children = (
				0516D52D2BF25E8F001062D2 /* sayyter.app */,
			);
			name = Products;
			sourceTree = "<group>";
		};
		0516D52F2BF25E8F001062D2 /* sayyter */ = {
			isa = PBXGroup;
			children = (
				0516D5612BF28789001062D2 /* Info.plist */,
				0516D5562BF28713001062D2 /* Fonts */,
				0516D5822BF2C2A0001062D2 /* Models */,
				0516D54E2BF269A7001062D2 /* Components */,
				0516D5462BF26497001062D2 /* Views */,
				0516D5302BF25E8F001062D2 /* sayyterApp.swift */,
				0516D5342BF25E91001062D2 /* Assets.xcassets */,
				0516D5362BF25E91001062D2 /* Preview Content */,
			);
			path = sayyter;
			sourceTree = "<group>";
		};
		0516D5362BF25E91001062D2 /* Preview Content */ = {
			isa = PBXGroup;
			children = (
				0516D5372BF25E91001062D2 /* Preview Assets.xcassets */,
			);
			path = "Preview Content";
			sourceTree = "<group>";
		};
		0516D5462BF26497001062D2 /* Views */ = {
			isa = PBXGroup;
			children = (
				0516D5712BF2BE55001062D2 /* Home */,
			);
			path = Views;
			sourceTree = "<group>";
		};
		0516D54E2BF269A7001062D2 /* Components */ = {
			isa = PBXGroup;
			children = (
				0516D54F2BF269B8001062D2 /* BackgroundView.swift */,
				0516D5512BF26C44001062D2 /* IconButton.swift */,
				0516D56D2BF29971001062D2 /* IconTextButton.swift */,
				0516D56F2BF2A99E001062D2 /* CardComponent.swift */,
				0516D57E2BF2C067001062D2 /* TransactionTile.swift */,
				0516D5892BF2CE64001062D2 /* GradientBlurView.swift */,
			);
			path = Components;
			sourceTree = "<group>";
		};
		0516D5562BF28713001062D2 /* Fonts */ = {
			isa = PBXGroup;
			children = (
				0516D5592BF28740001062D2 /* SpaceGrotesk-Regular.ttf */,
				0516D55B2BF28740001062D2 /* SpaceGrotesk-SemiBold.ttf */,
				0516D56B2BF2964F001062D2 /* MyFonts.swift */,
			);
			path = Fonts;
			sourceTree = "<group>";
		};
		0516D5712BF2BE55001062D2 /* Home */ = {
			isa = PBXGroup;
			children = (
				0516D5472BF264A3001062D2 /* HomeView.swift */,
				0516D5762BF2BE8E001062D2 /* HomeHeaderSection.swift */,
				0516D57C2BF2BFEE001062D2 /* HomeCardsHeaderSection.swift */,
				0516D57A2BF2BEF3001062D2 /* HomeCardCarouselSection.swift */,
				0516D5782BF2BEA6001062D2 /* HomeCardActionsSection.swift */,
				0516D5802BF2C1D5001062D2 /* HomeTransactionHeaderSection.swift */,
				0516D5722BF2BE70001062D2 /* HomeTransactionSection.swift */,
			);
			path = Home;
			sourceTree = "<group>";
		};
		0516D5822BF2C2A0001062D2 /* Models */ = {
			isa = PBXGroup;
			children = (
				0516D5832BF2C2B2001062D2 /* Transaction.swift */,
				0516D5852BF2C2F3001062D2 /* Card.swift */,
				0516D5872BF2C42A001062D2 /* Currency.swift */,
			);
			path = Models;
			sourceTree = "<group>";
		};
/* End PBXGroup section */

/* Begin PBXNativeTarget section */
		0516D52C2BF25E8F001062D2 /* sayyter */ = {
			isa = PBXNativeTarget;
			buildConfigurationList = 0516D53B2BF25E91001062D2 /* Build configuration list for PBXNativeTarget "sayyter" */;
			buildPhases = (
				0516D5292BF25E8F001062D2 /* Sources */,
				0516D52A2BF25E8F001062D2 /* Frameworks */,
				0516D52B2BF25E8F001062D2 /* Resources */,
			);
			buildRules = (
			);
			dependencies = (
			);
			name = sayyter;
			packageProductDependencies = (
				0516D5542BF26FD0001062D2 /* SFSafeSymbols */,
			);
			productName = sayyter;
			productReference = 0516D52D2BF25E8F001062D2 /* sayyter.app */;
			productType = "com.apple.product-type.application";
		};
/* End PBXNativeTarget section */

/* Begin PBXProject section */
		0516D5252BF25E8F001062D2 /* Project object */ = {
			isa = PBXProject;
			attributes = {
				BuildIndependentTargetsInParallel = 1;
				LastSwiftUpdateCheck = 1520;
				LastUpgradeCheck = 1520;
				TargetAttributes = {
					0516D52C2BF25E8F001062D2 = {
						CreatedOnToolsVersion = 15.2;
					};
				};
			};
			buildConfigurationList = 0516D5282BF25E8F001062D2 /* Build configuration list for PBXProject "sayyter" */;
			compatibilityVersion = "Xcode 14.0";
			developmentRegion = en;
			hasScannedForEncodings = 0;
			knownRegions = (
				en,
				Base,
			);
			mainGroup = 0516D5242BF25E8F001062D2;
			packageReferences = (
				0516D5532BF26FD0001062D2 /* XCRemoteSwiftPackageReference "SFSafeSymbols" */,
			);
			productRefGroup = 0516D52E2BF25E8F001062D2 /* Products */;
			projectDirPath = "";
			projectRoot = "";
			targets = (
				0516D52C2BF25E8F001062D2 /* sayyter */,
			);
		};
/* End PBXProject section */

/* Begin PBXResourcesBuildPhase section */
		0516D52B2BF25E8F001062D2 /* Resources */ = {
			isa = PBXResourcesBuildPhase;
			buildActionMask = 2147483647;
			files = (
				0516D5382BF25E91001062D2 /* Preview Assets.xcassets in Resources */,
				0516D5352BF25E91001062D2 /* Assets.xcassets in Resources */,
				0516D5602BF28740001062D2 /* SpaceGrotesk-SemiBold.ttf in Resources */,
				0516D55E2BF28740001062D2 /* SpaceGrotesk-Regular.ttf in Resources */,
			);
			runOnlyForDeploymentPostprocessing = 0;
		};
/* End PBXResourcesBuildPhase section */

/* Begin PBXSourcesBuildPhase section */
		0516D5292BF25E8F001062D2 /* Sources */ = {
			isa = PBXSourcesBuildPhase;
			buildActionMask = 2147483647;
			files = (
				0516D5812BF2C1D5001062D2 /* HomeTransactionHeaderSection.swift in Sources */,
				0516D5522BF26C44001062D2 /* IconButton.swift in Sources */,
				0516D56E2BF29971001062D2 /* IconTextButton.swift in Sources */,
				0516D5792BF2BEA6001062D2 /* HomeCardActionsSection.swift in Sources */,
				0516D5702BF2A99E001062D2 /* CardComponent.swift in Sources */,
				0516D58A2BF2CE64001062D2 /* GradientBlurView.swift in Sources */,
				0516D5732BF2BE70001062D2 /* HomeTransactionSection.swift in Sources */,
				0516D57B2BF2BEF3001062D2 /* HomeCardCarouselSection.swift in Sources */,
				0516D5772BF2BE8E001062D2 /* HomeHeaderSection.swift in Sources */,
				0516D56C2BF2964F001062D2 /* MyFonts.swift in Sources */,
				0516D5502BF269B8001062D2 /* BackgroundView.swift in Sources */,
				0516D5482BF264A3001062D2 /* HomeView.swift in Sources */,
				0516D57F2BF2C067001062D2 /* TransactionTile.swift in Sources */,
				0516D5312BF25E8F001062D2 /* sayyterApp.swift in Sources */,
				0516D5882BF2C42A001062D2 /* Currency.swift in Sources */,
				0516D57D2BF2BFEE001062D2 /* HomeCardsHeaderSection.swift in Sources */,
				0516D5842BF2C2B2001062D2 /* Transaction.swift in Sources */,
				0516D5862BF2C2F3001062D2 /* Card.swift in Sources */,
			);
			runOnlyForDeploymentPostprocessing = 0;
		};
/* End PBXSourcesBuildPhase section */

/* Begin XCBuildConfiguration section */
		0516D5392BF25E91001062D2 /* Debug */ = {
			isa = XCBuildConfiguration;
			buildSettings = {
				ALWAYS_SEARCH_USER_PATHS = NO;
				ASSETCATALOG_COMPILER_GENERATE_SWIFT_ASSET_SYMBOL_EXTENSIONS = YES;
				CLANG_ANALYZER_NONNULL = YES;
				CLANG_ANALYZER_NUMBER_OBJECT_CONVERSION = YES_AGGRESSIVE;
				CLANG_CXX_LANGUAGE_STANDARD = "gnu++20";
				CLANG_ENABLE_MODULES = YES;
				CLANG_ENABLE_OBJC_ARC = YES;
				CLANG_ENABLE_OBJC_WEAK = YES;
				CLANG_WARN_BLOCK_CAPTURE_AUTORELEASING = YES;
				CLANG_WARN_BOOL_CONVERSION = YES;
				CLANG_WARN_COMMA = YES;
				CLANG_WARN_CONSTANT_CONVERSION = YES;
				CLANG_WARN_DEPRECATED_OBJC_IMPLEMENTATIONS = YES;
				CLANG_WARN_DIRECT_OBJC_ISA_USAGE = YES_ERROR;
				CLANG_WARN_DOCUMENTATION_COMMENTS = YES;
				CLANG_WARN_EMPTY_BODY = YES;
				CLANG_WARN_ENUM_CONVERSION = YES;
				CLANG_WARN_INFINITE_RECURSION = YES;
				CLANG_WARN_INT_CONVERSION = YES;
				CLANG_WARN_NON_LITERAL_NULL_CONVERSION = YES;
				CLANG_WARN_OBJC_IMPLICIT_RETAIN_SELF = YES;
				CLANG_WARN_OBJC_LITERAL_CONVERSION = YES;
				CLANG_WARN_OBJC_ROOT_CLASS = YES_ERROR;
				CLANG_WARN_QUOTED_INCLUDE_IN_FRAMEWORK_HEADER = YES;
				CLANG_WARN_RANGE_LOOP_ANALYSIS = YES;
				CLANG_WARN_STRICT_PROTOTYPES = YES;
				CLANG_WARN_SUSPICIOUS_MOVE = YES;
				CLANG_WARN_UNGUARDED_AVAILABILITY = YES_AGGRESSIVE;
				CLANG_WARN_UNREACHABLE_CODE = YES;
				CLANG_WARN__DUPLICATE_METHOD_MATCH = YES;
				COPY_PHASE_STRIP = NO;
				DEBUG_INFORMATION_FORMAT = dwarf;
				ENABLE_STRICT_OBJC_MSGSEND = YES;
				ENABLE_TESTABILITY = YES;
				ENABLE_USER_SCRIPT_SANDBOXING = YES;
				GCC_C_LANGUAGE_STANDARD = gnu17;
				GCC_DYNAMIC_NO_PIC = NO;
				GCC_NO_COMMON_BLOCKS = YES;
				GCC_OPTIMIZATION_LEVEL = 0;
				GCC_PREPROCESSOR_DEFINITIONS = (
					"DEBUG=1",
					"$(inherited)",
				);
				GCC_WARN_64_TO_32_BIT_CONVERSION = YES;
				GCC_WARN_ABOUT_RETURN_TYPE = YES_ERROR;
				GCC_WARN_UNDECLARED_SELECTOR = YES;
				GCC_WARN_UNINITIALIZED_AUTOS = YES_AGGRESSIVE;
				GCC_WARN_UNUSED_FUNCTION = YES;
				GCC_WARN_UNUSED_VARIABLE = YES;
				IPHONEOS_DEPLOYMENT_TARGET = 17.2;
				LOCALIZATION_PREFERS_STRING_CATALOGS = YES;
				MTL_ENABLE_DEBUG_INFO = INCLUDE_SOURCE;
				MTL_FAST_MATH = YES;
				ONLY_ACTIVE_ARCH = YES;
				SDKROOT = iphoneos;
				SWIFT_ACTIVE_COMPILATION_CONDITIONS = "DEBUG $(inherited)";
				SWIFT_OPTIMIZATION_LEVEL = "-Onone";
			};
			name = Debug;
		};
		0516D53A2BF25E91001062D2 /* Release */ = {
			isa = XCBuildConfiguration;
			buildSettings = {
				ALWAYS_SEARCH_USER_PATHS = NO;
				ASSETCATALOG_COMPILER_GENERATE_SWIFT_ASSET_SYMBOL_EXTENSIONS = YES;
				CLANG_ANALYZER_NONNULL = YES;
				CLANG_ANALYZER_NUMBER_OBJECT_CONVERSION = YES_AGGRESSIVE;
				CLANG_CXX_LANGUAGE_STANDARD = "gnu++20";
				CLANG_ENABLE_MODULES = YES;
				CLANG_ENABLE_OBJC_ARC = YES;
				CLANG_ENABLE_OBJC_WEAK = YES;
				CLANG_WARN_BLOCK_CAPTURE_AUTORELEASING = YES;
				CLANG_WARN_BOOL_CONVERSION = YES;
				CLANG_WARN_COMMA = YES;
				CLANG_WARN_CONSTANT_CONVERSION = YES;
				CLANG_WARN_DEPRECATED_OBJC_IMPLEMENTATIONS = YES;
				CLANG_WARN_DIRECT_OBJC_ISA_USAGE = YES_ERROR;
				CLANG_WARN_DOCUMENTATION_COMMENTS = YES;
				CLANG_WARN_EMPTY_BODY = YES;
				CLANG_WARN_ENUM_CONVERSION = YES;
				CLANG_WARN_INFINITE_RECURSION = YES;
				CLANG_WARN_INT_CONVERSION = YES;
				CLANG_WARN_NON_LITERAL_NULL_CONVERSION = YES;
				CLANG_WARN_OBJC_IMPLICIT_RETAIN_SELF = YES;
				CLANG_WARN_OBJC_LITERAL_CONVERSION = YES;
				CLANG_WARN_OBJC_ROOT_CLASS = YES_ERROR;
				CLANG_WARN_QUOTED_INCLUDE_IN_FRAMEWORK_HEADER = YES;
				CLANG_WARN_RANGE_LOOP_ANALYSIS = YES;
				CLANG_WARN_STRICT_PROTOTYPES = YES;
				CLANG_WARN_SUSPICIOUS_MOVE = YES;
				CLANG_WARN_UNGUARDED_AVAILABILITY = YES_AGGRESSIVE;
				CLANG_WARN_UNREACHABLE_CODE = YES;
				CLANG_WARN__DUPLICATE_METHOD_MATCH = YES;
				COPY_PHASE_STRIP = NO;
				DEBUG_INFORMATION_FORMAT = "dwarf-with-dsym";
				ENABLE_NS_ASSERTIONS = NO;
				ENABLE_STRICT_OBJC_MSGSEND = YES;
				ENABLE_USER_SCRIPT_SANDBOXING = YES;
				GCC_C_LANGUAGE_STANDARD = gnu17;
				GCC_NO_COMMON_BLOCKS = YES;
				GCC_WARN_64_TO_32_BIT_CONVERSION = YES;
				GCC_WARN_ABOUT_RETURN_TYPE = YES_ERROR;
				GCC_WARN_UNDECLARED_SELECTOR = YES;
				GCC_WARN_UNINITIALIZED_AUTOS = YES_AGGRESSIVE;
				GCC_WARN_UNUSED_FUNCTION = YES;
				GCC_WARN_UNUSED_VARIABLE = YES;
				IPHONEOS_DEPLOYMENT_TARGET = 17.2;
				LOCALIZATION_PREFERS_STRING_CATALOGS = YES;
				MTL_ENABLE_DEBUG_INFO = NO;
				MTL_FAST_MATH = YES;
				SDKROOT = iphoneos;
				SWIFT_COMPILATION_MODE = wholemodule;
				VALIDATE_PRODUCT = YES;
			};
			name = Release;
		};
		0516D53C2BF25E91001062D2 /* Debug */ = {
			isa = XCBuildConfiguration;
			buildSettings = {
				ASSETCATALOG_COMPILER_APPICON_NAME = AppIcon;
				ASSETCATALOG_COMPILER_GLOBAL_ACCENT_COLOR_NAME = AccentColor;
				CODE_SIGN_STYLE = Automatic;
				CURRENT_PROJECT_VERSION = 1;
				DEVELOPMENT_ASSET_PATHS = "\"sayyter/Preview Content\"";
				DEVELOPMENT_TEAM = JL46C549NC;
				ENABLE_PREVIEWS = YES;
				GENERATE_INFOPLIST_FILE = YES;
				INFOPLIST_FILE = sayyter/Info.plist;
				INFOPLIST_KEY_CFBundleDisplayName = Sayyter;
				INFOPLIST_KEY_UIApplicationSceneManifest_Generation = YES;
				INFOPLIST_KEY_UIApplicationSupportsIndirectInputEvents = YES;
				INFOPLIST_KEY_UILaunchScreen_Generation = YES;
				INFOPLIST_KEY_UISupportedInterfaceOrientations_iPad = "UIInterfaceOrientationPortrait UIInterfaceOrientationPortraitUpsideDown UIInterfaceOrientationLandscapeLeft UIInterfaceOrientationLandscapeRight";
				INFOPLIST_KEY_UISupportedInterfaceOrientations_iPhone = "UIInterfaceOrientationPortrait UIInterfaceOrientationLandscapeLeft UIInterfaceOrientationLandscapeRight";
				LD_RUNPATH_SEARCH_PATHS = (
					"$(inherited)",
					"@executable_path/Frameworks",
				);
				MARKETING_VERSION = 0.0.1;
				PRODUCT_BUNDLE_IDENTIFIER = dev.alkhalaf.sayyter;
				PRODUCT_NAME = "$(TARGET_NAME)";
				SWIFT_EMIT_LOC_STRINGS = YES;
				SWIFT_VERSION = 5.0;
				TARGETED_DEVICE_FAMILY = "1,2";
			};
			name = Debug;
		};
		0516D53D2BF25E91001062D2 /* Release */ = {
			isa = XCBuildConfiguration;
			buildSettings = {
				ASSETCATALOG_COMPILER_APPICON_NAME = AppIcon;
				ASSETCATALOG_COMPILER_GLOBAL_ACCENT_COLOR_NAME = AccentColor;
				CODE_SIGN_STYLE = Automatic;
				CURRENT_PROJECT_VERSION = 1;
				DEVELOPMENT_ASSET_PATHS = "\"sayyter/Preview Content\"";
				DEVELOPMENT_TEAM = JL46C549NC;
				ENABLE_PREVIEWS = YES;
				GENERATE_INFOPLIST_FILE = YES;
				INFOPLIST_FILE = sayyter/Info.plist;
				INFOPLIST_KEY_CFBundleDisplayName = Sayyter;
				INFOPLIST_KEY_UIApplicationSceneManifest_Generation = YES;
				INFOPLIST_KEY_UIApplicationSupportsIndirectInputEvents = YES;
				INFOPLIST_KEY_UILaunchScreen_Generation = YES;
				INFOPLIST_KEY_UISupportedInterfaceOrientations_iPad = "UIInterfaceOrientationPortrait UIInterfaceOrientationPortraitUpsideDown UIInterfaceOrientationLandscapeLeft UIInterfaceOrientationLandscapeRight";
				INFOPLIST_KEY_UISupportedInterfaceOrientations_iPhone = "UIInterfaceOrientationPortrait UIInterfaceOrientationLandscapeLeft UIInterfaceOrientationLandscapeRight";
				LD_RUNPATH_SEARCH_PATHS = (
					"$(inherited)",
					"@executable_path/Frameworks",
				);
				MARKETING_VERSION = 0.0.1;
				PRODUCT_BUNDLE_IDENTIFIER = dev.alkhalaf.sayyter;
				PRODUCT_NAME = "$(TARGET_NAME)";
				SWIFT_EMIT_LOC_STRINGS = YES;
				SWIFT_VERSION = 5.0;
				TARGETED_DEVICE_FAMILY = "1,2";
			};
			name = Release;
		};
/* End XCBuildConfiguration section */

/* Begin XCConfigurationList section */
		0516D5282BF25E8F001062D2 /* Build configuration list for PBXProject "sayyter" */ = {
			isa = XCConfigurationList;
			buildConfigurations = (
				0516D5392BF25E91001062D2 /* Debug */,
				0516D53A2BF25E91001062D2 /* Release */,
			);
			defaultConfigurationIsVisible = 0;
			defaultConfigurationName = Release;
		};
		0516D53B2BF25E91001062D2 /* Build configuration list for PBXNativeTarget "sayyter" */ = {
			isa = XCConfigurationList;
			buildConfigurations = (
				0516D53C2BF25E91001062D2 /* Debug */,
				0516D53D2BF25E91001062D2 /* Release */,
			);
			defaultConfigurationIsVisible = 0;
			defaultConfigurationName = Release;
		};
/* End XCConfigurationList section */

/* Begin XCRemoteSwiftPackageReference section */
		0516D5532BF26FD0001062D2 /* XCRemoteSwiftPackageReference "SFSafeSymbols" */ = {
			isa = XCRemoteSwiftPackageReference;
			repositoryURL = "https://github.com/SFSafeSymbols/SFSafeSymbols";
			requirement = {
				kind = upToNextMajorVersion;
				minimumVersion = 5.2.0;
			};
		};
/* End XCRemoteSwiftPackageReference section */

/* Begin XCSwiftPackageProductDependency section */
		0516D5542BF26FD0001062D2 /* SFSafeSymbols */ = {
			isa = XCSwiftPackageProductDependency;
			package = 0516D5532BF26FD0001062D2 /* XCRemoteSwiftPackageReference "SFSafeSymbols" */;
			productName = SFSafeSymbols;
		};
/* End XCSwiftPackageProductDependency section */
	};
	rootObject = 0516D5252BF25E8F001062D2 /* Project object */;
}
